
Microsoft Visual Studio Solution File, Format Version 12.00
# Visual Studio 15
VisualStudioVersion = 15.0.27703.2026
MinimumVisualStudioVersion = 10.0.40219.1
Project("{9A19103F-16F7-4668-BE54-9A1E7A4F7556}") = "CoreSampleApp", "CoreSampleApp\CoreSampleApp.csproj", "{99FC75E6-8D5E-42F9-8600-A696C321970A}"
EndProject
Project("{9A19103F-16F7-4668-BE54-9A1E7A4F7556}") = "CoreSampleApp.Business", "CoreSampleApp.Business\CoreSampleApp.Business.csproj", "{59165842-A590-4F01-885B-B164558FB478}"
EndProject
Project("{9A19103F-16F7-4668-BE54-9A1E7A4F7556}") = "CoreSampleApp.Core", "CoreSampleApp.Core\CoreSampleApp.Core.csproj", "{FF7BDCC8-73B6-4A60-AF1D-B9221B9370C7}"
EndProject
Project("{9A19103F-16F7-4668-BE54-9A1E7A4F7556}") = "CoreSampleApp.Utilities", "CoreSampleApp.Utilities\CoreSampleApp.Utilities.csproj", "{B11279E5-45E0-4879-8402-FF3E326FC562}"
EndProject
Project("{9A19103F-16F7-4668-BE54-9A1E7A4F7556}") = "CoreSampleApp.IntranetWeb", "CoreSampleApp.IntranetWeb\CoreSampleApp.IntranetWeb.csproj", "{E9D577E5-6AF4-4A38-A032-EB0B559975FF}"
EndProject
Global
	GlobalSection(SolutionConfigurationPlatforms) = preSolution
		Debug|Any CPU = Debug|Any CPU
		Debug|x64 = Debug|x64
		Release|Any CPU = Release|Any CPU
		Release|x64 = Release|x64
	EndGlobalSection
	GlobalSection(ProjectConfigurationPlatforms) = postSolution
		{99FC75E6-8D5E-42F9-8600-A696C321970A}.Debug|Any CPU.ActiveCfg = Debug|Any CPU
		{99FC75E6-8D5E-42F9-8600-A696C321970A}.Debug|Any CPU.Build.0 = Debug|Any CPU
		{99FC75E6-8D5E-42F9-8600-A696C321970A}.Debug|x64.ActiveCfg = Debug|x64
		{99FC75E6-8D5E-42F9-8600-A696C321970A}.Debug|x64.Build.0 = Debug|x64
		{99FC75E6-8D5E-42F9-8600-A696C321970A}.Release|Any CPU.ActiveCfg = Release|Any CPU
		{99FC75E6-8D5E-42F9-8600-A696C321970A}.Release|Any CPU.Build.0 = Release|Any CPU
		{99FC75E6-8D5E-42F9-8600-A696C321970A}.Release|x64.ActiveCfg = Release|x64
		{99FC75E6-8D5E-42F9-8600-A696C321970A}.Release|x64.Build.0 = Release|x64
		{59165842-A590-4F01-885B-B164558FB478}.Debug|Any CPU.ActiveCfg = Debug|Any CPU
		{59165842-A590-4F01-885B-B164558FB478}.Debug|Any CPU.Build.0 = Debug|Any CPU
		{59165842-A590-4F01-885B-B164558FB478}.Debug|x64.ActiveCfg = Debug|x64
		{59165842-A590-4F01-885B-B164558FB478}.Debug|x64.Build.0 = Debug|x64
		{59165842-A590-4F01-885B-B164558FB478}.Release|Any CPU.ActiveCfg = Release|Any CPU
		{59165842-A590-4F01-885B-B164558FB478}.Release|Any CPU.Build.0 = Release|Any CPU
		{59165842-A590-4F01-885B-B164558FB478}.Release|x64.ActiveCfg = Release|x64
		{59165842-A590-4F01-885B-B164558FB478}.Release|x64.Build.0 = Release|x64
		{FF7BDCC8-73B6-4A60-AF1D-B9221B9370C7}.Debug|Any CPU.ActiveCfg = Debug|Any CPU
		{FF7BDCC8-73B6-4A60-AF1D-B9221B9370C7}.Debug|Any CPU.Build.0 = Debug|Any CPU
		{FF7BDCC8-73B6-4A60-AF1D-B9221B9370C7}.Debug|x64.ActiveCfg = Debug|x64
		{FF7BDCC8-73B6-4A60-AF1D-B9221B9370C7}.Debug|x64.Build.0 = Debug|x64
		{FF7BDCC8-73B6-4A60-AF1D-B9221B9370C7}.Release|Any CPU.ActiveCfg = Release|Any CPU
		{FF7BDCC8-73B6-4A60-AF1D-B9221B9370C7}.Release|Any CPU.Build.0 = Release|Any CPU
		{FF7BDCC8-73B6-4A60-AF1D-B9221B9370C7}.Release|x64.ActiveCfg = Release|x64
		{FF7BDCC8-73B6-4A60-AF1D-B9221B9370C7}.Release|x64.Build.0 = Release|x64
		{B11279E5-45E0-4879-8402-FF3E326FC562}.Debug|Any CPU.ActiveCfg = Debug|Any CPU
		{B11279E5-45E0-4879-8402-FF3E326FC562}.Debug|Any CPU.Build.0 = Debug|Any CPU
		{B11279E5-45E0-4879-8402-FF3E326FC562}.Debug|x64.ActiveCfg = Debug|x64
		{B11279E5-45E0-4879-8402-FF3E326FC562}.Debug|x64.Build.0 = Debug|x64
		{B11279E5-45E0-4879-8402-FF3E326FC562}.Release|Any CPU.ActiveCfg = Release|Any CPU
		{B11279E5-45E0-4879-8402-FF3E326FC562}.Release|Any CPU.Build.0 = Release|Any CPU
		{B11279E5-45E0-4879-8402-FF3E326FC562}.Release|x64.ActiveCfg = Release|x64
		{B11279E5-45E0-4879-8402-FF3E326FC562}.Release|x64.Build.0 = Release|x64
		{E9D577E5-6AF4-4A38-A032-EB0B559975FF}.Debug|Any CPU.ActiveCfg = Debug|Any CPU
		{E9D577E5-6AF4-4A38-A032-EB0B559975FF}.Debug|Any CPU.Build.0 = Debug|Any CPU
		{E9D577E5-6AF4-4A38-A032-EB0B559975FF}.Debug|x64.ActiveCfg = Debug|x64
		{E9D577E5-6AF4-4A38-A032-EB0B559975FF}.Debug|x64.Build.0 = Debug|x64
		{E9D577E5-6AF4-4A38-A032-EB0B559975FF}.Release|Any CPU.ActiveCfg = Release|Any CPU
		{E9D577E5-6AF4-4A38-A032-EB0B559975FF}.Release|Any CPU.Build.0 = Release|Any CPU
		{E9D577E5-6AF4-4A38-A032-EB0B559975FF}.Release|x64.ActiveCfg = Release|x64
		{E9D577E5-6AF4-4A38-A032-EB0B559975FF}.Release|x64.Build.0 = Release|x64
	EndGlobalSection
	GlobalSection(SolutionProperties) = preSolution
		HideSolutionNode = FALSE
	EndGlobalSection
	GlobalSection(ExtensibilityGlobals) = postSolution
		SolutionGuid = {01F70BC7-ED71-4B5F-B4B2-6B32F4B5C290}
	EndGlobalSection
EndGlobal
